
Microsoft Visual Studio Solution File, Format Version 12.00
# Visual Studio Version 17
VisualStudioVersion = 17.12.35527.113
MinimumVisualStudioVersion = 10.0.40219.1
Project("{FAE04EC0-301F-11D3-BF4B-00C04F79EFBC}") = "E-Commerce.Web", "E-Commerce.Web\E-Commerce.Web.csproj", "{5E0BFED8-0632-4C12-B8F3-854E2DF4C76A}"
EndProject
Project("{2150E333-8FDC-42A3-9474-1A3956D46DE8}") = "Core", "Core", "{C0FBAFA6-ECBE-4044-BC14-8561B205013A}"
EndProject
Project("{FAE04EC0-301F-11D3-BF4B-00C04F79EFBC}") = "DomainLayer", "Core\DomainLayer\DomainLayer.csproj", "{D0C4412E-EEF5-422F-9289-D8F0B2BCE936}"
EndProject
Project("{FAE04EC0-301F-11D3-BF4B-00C04F79EFBC}") = "Services", "Service\Services.csproj", "{9B0BCFCB-2B2D-4913-A970-40800C445D7A}"
EndProject
Project("{FAE04EC0-301F-11D3-BF4B-00C04F79EFBC}") = "ServiceAbstraction", "ServiceAbstraction\ServiceAbstraction.csproj", "{216489A6-BA66-46B6-864B-082DD4F1FECE}"
EndProject
Project("{2150E333-8FDC-42A3-9474-1A3956D46DE8}") = "InfraStracture", "InfraStracture", "{9058A923-1B34-46BC-9958-107378C51646}"
EndProject
Project("{FAE04EC0-301F-11D3-BF4B-00C04F79EFBC}") = "Presistence", "InfraStructure\Presistence\Presistence.csproj", "{C0D70669-F5BD-4545-8234-4F26ECD7B4E3}"
EndProject
Project("{FAE04EC0-301F-11D3-BF4B-00C04F79EFBC}") = "Presentation", "Presentation\Presentation.csproj", "{15BCFD27-245D-4E70-9EC5-45BAA9041F74}"
EndProject
Project("{FAE04EC0-301F-11D3-BF4B-00C04F79EFBC}") = "Shared", "Shared\Shared.csproj", "{C24977BA-46C2-4687-A3B6-3CE5ED9F46E4}"
EndProject
Global
	GlobalSection(SolutionConfigurationPlatforms) = preSolution
		Debug|Any CPU = Debug|Any CPU
		Release|Any CPU = Release|Any CPU
	EndGlobalSection
	GlobalSection(ProjectConfigurationPlatforms) = postSolution
		{5E0BFED8-0632-4C12-B8F3-854E2DF4C76A}.Debug|Any CPU.ActiveCfg = Debug|Any CPU
		{5E0BFED8-0632-4C12-B8F3-854E2DF4C76A}.Debug|Any CPU.Build.0 = Debug|Any CPU
		{5E0BFED8-0632-4C12-B8F3-854E2DF4C76A}.Release|Any CPU.ActiveCfg = Release|Any CPU
		{5E0BFED8-0632-4C12-B8F3-854E2DF4C76A}.Release|Any CPU.Build.0 = Release|Any CPU
		{D0C4412E-EEF5-422F-9289-D8F0B2BCE936}.Debug|Any CPU.ActiveCfg = Debug|Any CPU
		{D0C4412E-EEF5-422F-9289-D8F0B2BCE936}.Debug|Any CPU.Build.0 = Debug|Any CPU
		{D0C4412E-EEF5-422F-9289-D8F0B2BCE936}.Release|Any CPU.ActiveCfg = Release|Any CPU
		{D0C4412E-EEF5-422F-9289-D8F0B2BCE936}.Release|Any CPU.Build.0 = Release|Any CPU
		{9B0BCFCB-2B2D-4913-A970-40800C445D7A}.Debug|Any CPU.ActiveCfg = Debug|Any CPU
		{9B0BCFCB-2B2D-4913-A970-40800C445D7A}.Debug|Any CPU.Build.0 = Debug|Any CPU
		{9B0BCFCB-2B2D-4913-A970-40800C445D7A}.Release|Any CPU.ActiveCfg = Release|Any CPU
		{9B0BCFCB-2B2D-4913-A970-40800C445D7A}.Release|Any CPU.Build.0 = Release|Any CPU
		{216489A6-BA66-46B6-864B-082DD4F1FECE}.Debug|Any CPU.ActiveCfg = Debug|Any CPU
		{216489A6-BA66-46B6-864B-082DD4F1FECE}.Debug|Any CPU.Build.0 = Debug|Any CPU
		{216489A6-BA66-46B6-864B-082DD4F1FECE}.Release|Any CPU.ActiveCfg = Release|Any CPU
		{216489A6-BA66-46B6-864B-082DD4F1FECE}.Release|Any CPU.Build.0 = Release|Any CPU
		{C0D70669-F5BD-4545-8234-4F26ECD7B4E3}.Debug|Any CPU.ActiveCfg = Debug|Any CPU
		{C0D70669-F5BD-4545-8234-4F26ECD7B4E3}.Debug|Any CPU.Build.0 = Debug|Any CPU
		{C0D70669-F5BD-4545-8234-4F26ECD7B4E3}.Release|Any CPU.ActiveCfg = Release|Any CPU
		{C0D70669-F5BD-4545-8234-4F26ECD7B4E3}.Release|Any CPU.Build.0 = Release|Any CPU
		{15BCFD27-245D-4E70-9EC5-45BAA9041F74}.Debug|Any CPU.ActiveCfg = Debug|Any CPU
		{15BCFD27-245D-4E70-9EC5-45BAA9041F74}.Debug|Any CPU.Build.0 = Debug|Any CPU
		{15BCFD27-245D-4E70-9EC5-45BAA9041F74}.Release|Any CPU.ActiveCfg = Release|Any CPU
		{15BCFD27-245D-4E70-9EC5-45BAA9041F74}.Release|Any CPU.Build.0 = Release|Any CPU
		{C24977BA-46C2-4687-A3B6-3CE5ED9F46E4}.Debug|Any CPU.ActiveCfg = Debug|Any CPU
		{C24977BA-46C2-4687-A3B6-3CE5ED9F46E4}.Debug|Any CPU.Build.0 = Debug|Any CPU
		{C24977BA-46C2-4687-A3B6-3CE5ED9F46E4}.Release|Any CPU.ActiveCfg = Release|Any CPU
		{C24977BA-46C2-4687-A3B6-3CE5ED9F46E4}.Release|Any CPU.Build.0 = Release|Any CPU
	EndGlobalSection
	GlobalSection(SolutionProperties) = preSolution
		HideSolutionNode = FALSE
	EndGlobalSection
	GlobalSection(NestedProjects) = preSolution
		{D0C4412E-EEF5-422F-9289-D8F0B2BCE936} = {C0FBAFA6-ECBE-4044-BC14-8561B205013A}
		{9B0BCFCB-2B2D-4913-A970-40800C445D7A} = {C0FBAFA6-ECBE-4044-BC14-8561B205013A}
		{216489A6-BA66-46B6-864B-082DD4F1FECE} = {C0FBAFA6-ECBE-4044-BC14-8561B205013A}
		{C0D70669-F5BD-4545-8234-4F26ECD7B4E3} = {9058A923-1B34-46BC-9958-107378C51646}
		{15BCFD27-245D-4E70-9EC5-45BAA9041F74} = {9058A923-1B34-46BC-9958-107378C51646}
	EndGlobalSection
EndGlobal
